// !$*UTF8*$!
{
	archiveVersion = 1;
	classes = {
	};
	objectVersion = 46;
	objects = {

/* Begin PBXBuildFile section */
		7A103DA01B5D39F4000FEFA6 /* AppDelegate.swift in Sources */ = {isa = PBXBuildFile; fileRef = 7A103D9F1B5D39F4000FEFA6 /* AppDelegate.swift */; };
		7A103DA21B5D39F4000FEFA6 /* ViewController.swift in Sources */ = {isa = PBXBuildFile; fileRef = 7A103DA11B5D39F4000FEFA6 /* ViewController.swift */; };
		7A103DA51B5D39F4000FEFA6 /* Main.storyboard in Resources */ = {isa = PBXBuildFile; fileRef = 7A103DA31B5D39F4000FEFA6 /* Main.storyboard */; };
		7A103DA71B5D39F4000FEFA6 /* Images.xcassets in Resources */ = {isa = PBXBuildFile; fileRef = 7A103DA61B5D39F4000FEFA6 /* Images.xcassets */; };
		7A103DAA1B5D39F4000FEFA6 /* LaunchScreen.xib in Resources */ = {isa = PBXBuildFile; fileRef = 7A103DA81B5D39F4000FEFA6 /* LaunchScreen.xib */; };
		7A103DB61B5D39F4000FEFA6 /* AtomSpinnerViewTests.swift in Sources */ = {isa = PBXBuildFile; fileRef = 7A103DB51B5D39F4000FEFA6 /* AtomSpinnerViewTests.swift */; };
		7A103DC61B5D3B0B000FEFA6 /* QCMethod.swift in Sources */ = {isa = PBXBuildFile; fileRef = 7A103DC41B5D3B0B000FEFA6 /* QCMethod.swift */; };
		7A103DC71B5D3B0B000FEFA6 /* AtomSpinnerView.swift in Sources */ = {isa = PBXBuildFile; fileRef = 7A103DC51B5D3B0B000FEFA6 /* AtomSpinnerView.swift */; };
/* End PBXBuildFile section */

/* Begin PBXContainerItemProxy section */
		7A103DB01B5D39F4000FEFA6 /* PBXContainerItemProxy */ = {
			isa = PBXContainerItemProxy;
			containerPortal = 7A103D921B5D39F4000FEFA6 /* Project object */;
			proxyType = 1;
			remoteGlobalIDString = 7A103D991B5D39F4000FEFA6;
			remoteInfo = AtomSpinnerView;
		};
/* End PBXContainerItemProxy section */

/* Begin PBXFileReference section */
		7A103D9A1B5D39F4000FEFA6 /* AtomSpinnerView.app */ = {isa = PBXFileReference; explicitFileType = wrapper.application; includeInIndex = 0; path = AtomSpinnerView.app; sourceTree = BUILT_PRODUCTS_DIR; };
		7A103D9E1B5D39F4000FEFA6 /* Info.plist */ = {isa = PBXFileReference; lastKnownFileType = text.plist.xml; path = Info.plist; sourceTree = "<group>"; };
		7A103D9F1B5D39F4000FEFA6 /* AppDelegate.swift */ = {isa = PBXFileReference; lastKnownFileType = sourcecode.swift; path = AppDelegate.swift; sourceTree = "<group>"; };
		7A103DA11B5D39F4000FEFA6 /* ViewController.swift */ = {isa = PBXFileReference; lastKnownFileType = sourcecode.swift; path = ViewController.swift; sourceTree = "<group>"; };
		7A103DA41B5D39F4000FEFA6 /* Base */ = {isa = PBXFileReference; lastKnownFileType = file.storyboard; name = Base; path = Base.lproj/Main.storyboard; sourceTree = "<group>"; };
		7A103DA61B5D39F4000FEFA6 /* Images.xcassets */ = {isa = PBXFileReference; lastKnownFileType = folder.assetcatalog; path = Images.xcassets; sourceTree = "<group>"; };
		7A103DA91B5D39F4000FEFA6 /* Base */ = {isa = PBXFileReference; lastKnownFileType = file.xib; name = Base; path = Base.lproj/LaunchScreen.xib; sourceTree = "<group>"; };
		7A103DAF1B5D39F4000FEFA6 /* AtomSpinnerViewTests.xctest */ = {isa = PBXFileReference; explicitFileType = wrapper.cfbundle; includeInIndex = 0; path = AtomSpinnerViewTests.xctest; sourceTree = BUILT_PRODUCTS_DIR; };
		7A103DB41B5D39F4000FEFA6 /* Info.plist */ = {isa = PBXFileReference; lastKnownFileType = text.plist.xml; path = Info.plist; sourceTree = "<group>"; };
		7A103DB51B5D39F4000FEFA6 /* AtomSpinnerViewTests.swift */ = {isa = PBXFileReference; lastKnownFileType = sourcecode.swift; path = AtomSpinnerViewTests.swift; sourceTree = "<group>"; };
		7A103DC41B5D3B0B000FEFA6 /* QCMethod.swift */ = {isa = PBXFileReference; fileEncoding = 4; lastKnownFileType = sourcecode.swift; path = QCMethod.swift; sourceTree = "<group>"; };
		7A103DC51B5D3B0B000FEFA6 /* AtomSpinnerView.swift */ = {isa = PBXFileReference; fileEncoding = 4; lastKnownFileType = sourcecode.swift; path = AtomSpinnerView.swift; sourceTree = "<group>"; };
/* End PBXFileReference section */

/* Begin PBXFrameworksBuildPhase section */
		7A103D971B5D39F4000FEFA6 /* Frameworks */ = {
			isa = PBXFrameworksBuildPhase;
			buildActionMask = 2147483647;
			files = (
			);
			runOnlyForDeploymentPostprocessing = 0;
		};
		7A103DAC1B5D39F4000FEFA6 /* Frameworks */ = {
			isa = PBXFrameworksBuildPhase;
			buildActionMask = 2147483647;
			files = (
			);
			runOnlyForDeploymentPostprocessing = 0;
		};
/* End PBXFrameworksBuildPhase section */

/* Begin PBXGroup section */
		7A103D911B5D39F4000FEFA6 = {
			isa = PBXGroup;
			children = (
				7A103D9C1B5D39F4000FEFA6 /* AtomSpinnerView */,
				7A103DB21B5D39F4000FEFA6 /* AtomSpinnerViewTests */,
				7A103D9B1B5D39F4000FEFA6 /* Products */,
			);
			sourceTree = "<group>";
		};
		7A103D9B1B5D39F4000FEFA6 /* Products */ = {
			isa = PBXGroup;
			children = (
				7A103D9A1B5D39F4000FEFA6 /* AtomSpinnerView.app */,
				7A103DAF1B5D39F4000FEFA6 /* AtomSpinnerViewTests.xctest */,
			);
			name = Products;
			sourceTree = "<group>";
		};
		7A103D9C1B5D39F4000FEFA6 /* AtomSpinnerView */ = {
			isa = PBXGroup;
			children = (
				7A103DBF1B5D39FB000FEFA6 /* src */,
				7A103D9F1B5D39F4000FEFA6 /* AppDelegate.swift */,
				7A103DA11B5D39F4000FEFA6 /* ViewController.swift */,
				7A103DA31B5D39F4000FEFA6 /* Main.storyboard */,
				7A103DA61B5D39F4000FEFA6 /* Images.xcassets */,
				7A103DA81B5D39F4000FEFA6 /* LaunchScreen.xib */,
				7A103D9D1B5D39F4000FEFA6 /* Supporting Files */,
			);
			path = AtomSpinnerView;
			sourceTree = "<group>";
		};
		7A103D9D1B5D39F4000FEFA6 /* Supporting Files */ = {
			isa = PBXGroup;
			children = (
				7A103D9E1B5D39F4000FEFA6 /* Info.plist */,
			);
			name = "Supporting Files";
			sourceTree = "<group>";
		};
		7A103DB21B5D39F4000FEFA6 /* AtomSpinnerViewTests */ = {
			isa = PBXGroup;
			children = (
				7A103DB51B5D39F4000FEFA6 /* AtomSpinnerViewTests.swift */,
				7A103DB31B5D39F4000FEFA6 /* Supporting Files */,
			);
			path = AtomSpinnerViewTests;
			sourceTree = "<group>";
		};
		7A103DB31B5D39F4000FEFA6 /* Supporting Files */ = {
			isa = PBXGroup;
			children = (
				7A103DB41B5D39F4000FEFA6 /* Info.plist */,
			);
			name = "Supporting Files";
			sourceTree = "<group>";
		};
		7A103DBF1B5D39FB000FEFA6 /* src */ = {
			isa = PBXGroup;
			children = (
				7A103DC41B5D3B0B000FEFA6 /* QCMethod.swift */,
				7A103DC51B5D3B0B000FEFA6 /* AtomSpinnerView.swift */,
			);
			name = src;
			sourceTree = "<group>";
		};
/* End PBXGroup section */

/* Begin PBXNativeTarget section */
		7A103D991B5D39F4000FEFA6 /* AtomSpinnerView */ = {
			isa = PBXNativeTarget;
			buildConfigurationList = 7A103DB91B5D39F4000FEFA6 /* Build configuration list for PBXNativeTarget "AtomSpinnerView" */;
			buildPhases = (
				7A103D961B5D39F4000FEFA6 /* Sources */,
				7A103D971B5D39F4000FEFA6 /* Frameworks */,
				7A103D981B5D39F4000FEFA6 /* Resources */,
			);
			buildRules = (
			);
			dependencies = (
			);
			name = AtomSpinnerView;
			productName = AtomSpinnerView;
			productReference = 7A103D9A1B5D39F4000FEFA6 /* AtomSpinnerView.app */;
			productType = "com.apple.product-type.application";
		};
		7A103DAE1B5D39F4000FEFA6 /* AtomSpinnerViewTests */ = {
			isa = PBXNativeTarget;
			buildConfigurationList = 7A103DBC1B5D39F4000FEFA6 /* Build configuration list for PBXNativeTarget "AtomSpinnerViewTests" */;
			buildPhases = (
				7A103DAB1B5D39F4000FEFA6 /* Sources */,
				7A103DAC1B5D39F4000FEFA6 /* Frameworks */,
				7A103DAD1B5D39F4000FEFA6 /* Resources */,
			);
			buildRules = (
			);
			dependencies = (
				7A103DB11B5D39F4000FEFA6 /* PBXTargetDependency */,
			);
			name = AtomSpinnerViewTests;
			productName = AtomSpinnerViewTests;
			productReference = 7A103DAF1B5D39F4000FEFA6 /* AtomSpinnerViewTests.xctest */;
			productType = "com.apple.product-type.bundle.unit-test";
		};
/* End PBXNativeTarget section */

/* Begin PBXProject section */
		7A103D921B5D39F4000FEFA6 /* Project object */ = {
			isa = PBXProject;
			attributes = {
				LastUpgradeCheck = 0640;
				ORGANIZATIONNAME = seyhunak;
				TargetAttributes = {
					7A103D991B5D39F4000FEFA6 = {
						CreatedOnToolsVersion = 6.4;
					};
					7A103DAE1B5D39F4000FEFA6 = {
						CreatedOnToolsVersion = 6.4;
						TestTargetID = 7A103D991B5D39F4000FEFA6;
					};
				};
			};
			buildConfigurationList = 7A103D951B5D39F4000FEFA6 /* Build configuration list for PBXProject "AtomSpinnerView" */;
			compatibilityVersion = "Xcode 3.2";
			developmentRegion = English;
			hasScannedForEncodings = 0;
			knownRegions = (
				en,
				Base,
			);
			mainGroup = 7A103D911B5D39F4000FEFA6;
			productRefGroup = 7A103D9B1B5D39F4000FEFA6 /* Products */;
			projectDirPath = "";
			projectRoot = "";
			targets = (
				7A103D991B5D39F4000FEFA6 /* AtomSpinnerView */,
				7A103DAE1B5D39F4000FEFA6 /* AtomSpinnerViewTests */,
			);
		};
/* End PBXProject section */

/* Begin PBXResourcesBuildPhase section */
		7A103D981B5D39F4000FEFA6 /* Resources */ = {
			isa = PBXResourcesBuildPhase;
			buildActionMask = 2147483647;
			files = (
				7A103DA51B5D39F4000FEFA6 /* Main.storyboard in Resources */,
				7A103DAA1B5D39F4000FEFA6 /* LaunchScreen.xib in Resources */,
				7A103DA71B5D39F4000FEFA6 /* Images.xcassets in Resources */,
			);
			runOnlyForDeploymentPostprocessing = 0;
		};
		7A103DAD1B5D39F4000FEFA6 /* Resources */ = {
			isa = PBXResourcesBuildPhase;
			buildActionMask = 2147483647;
			files = (
			);
			runOnlyForDeploymentPostprocessing = 0;
		};
/* End PBXResourcesBuildPhase section */

/* Begin PBXSourcesBuildPhase section */
		7A103D961B5D39F4000FEFA6 /* Sources */ = {
			isa = PBXSourcesBuildPhase;
			buildActionMask = 2147483647;
			files = (
				7A103DA21B5D39F4000FEFA6 /* ViewController.swift in Sources */,
				7A103DA01B5D39F4000FEFA6 /* AppDelegate.swift in Sources */,
				7A103DC61B5D3B0B000FEFA6 /* QCMethod.swift in Sources */,
				7A103DC71B5D3B0B000FEFA6 /* AtomSpinnerView.swift in Sources */,
			);
			runOnlyForDeploymentPostprocessing = 0;
		};
		7A103DAB1B5D39F4000FEFA6 /* Sources */ = {
			isa = PBXSourcesBuildPhase;
			buildActionMask = 2147483647;
			files = (
				7A103DB61B5D39F4000FEFA6 /* AtomSpinnerViewTests.swift in Sources */,
			);
			runOnlyForDeploymentPostprocessing = 0;
		};
/* End PBXSourcesBuildPhase section */

/* Begin PBXTargetDependency section */
		7A103DB11B5D39F4000FEFA6 /* PBXTargetDependency */ = {
			isa = PBXTargetDependency;
			target = 7A103D991B5D39F4000FEFA6 /* AtomSpinnerView */;
			targetProxy = 7A103DB01B5D39F4000FEFA6 /* PBXContainerItemProxy */;
		};
/* End PBXTargetDependency section */

/* Begin PBXVariantGroup section */
		7A103DA31B5D39F4000FEFA6 /* Main.storyboard */ = {
			isa = PBXVariantGroup;
			children = (
				7A103DA41B5D39F4000FEFA6 /* Base */,
			);
			name = Main.storyboard;
			sourceTree = "<group>";
		};
		7A103DA81B5D39F4000FEFA6 /* LaunchScreen.xib */ = {
			isa = PBXVariantGroup;
			children = (
				7A103DA91B5D39F4000FEFA6 /* Base */,
			);
			name = LaunchScreen.xib;
			sourceTree = "<group>";
		};
/* End PBXVariantGroup section */

/* Begin XCBuildConfiguration section */
		7A103DB71B5D39F4000FEFA6 /* Debug */ = {
			isa = XCBuildConfiguration;
			buildSettings = {
				ALWAYS_SEARCH_USER_PATHS = NO;
				CLANG_CXX_LANGUAGE_STANDARD = "gnu++0x";
				CLANG_CXX_LIBRARY = "libc++";
				CLANG_ENABLE_MODULES = YES;
				CLANG_ENABLE_OBJC_ARC = YES;
				CLANG_WARN_BOOL_CONVERSION = YES;
				CLANG_WARN_CONSTANT_CONVERSION = YES;
				CLANG_WARN_DIRECT_OBJC_ISA_USAGE = YES_ERROR;
				CLANG_WARN_EMPTY_BODY = YES;
				CLANG_WARN_ENUM_CONVERSION = YES;
				CLANG_WARN_INT_CONVERSION = YES;
				CLANG_WARN_OBJC_ROOT_CLASS = YES_ERROR;
				CLANG_WARN_UNREACHABLE_CODE = YES;
				CLANG_WARN__DUPLICATE_METHOD_MATCH = YES;
				"CODE_SIGN_IDENTITY[sdk=iphoneos*]" = "iPhone Developer";
				COPY_PHASE_STRIP = NO;
				DEBUG_INFORMATION_FORMAT = "dwarf-with-dsym";
				ENABLE_STRICT_OBJC_MSGSEND = YES;
				GCC_C_LANGUAGE_STANDARD = gnu99;
				GCC_DYNAMIC_NO_PIC = NO;
				GCC_NO_COMMON_BLOCKS = YES;
				GCC_OPTIMIZATION_LEVEL = 0;
				GCC_PREPROCESSOR_DEFINITIONS = (
					"DEBUG=1",
					"$(inherited)",
				);
				GCC_SYMBOLS_PRIVATE_EXTERN = NO;
				GCC_WARN_64_TO_32_BIT_CONVERSION = YES;
				GCC_WARN_ABOUT_RETURN_TYPE = YES_ERROR;
				GCC_WARN_UNDECLARED_SELECTOR = YES;
				GCC_WARN_UNINITIALIZED_AUTOS = YES_AGGRESSIVE;
				GCC_WARN_UNUSED_FUNCTION = YES;
				GCC_WARN_UNUSED_VARIABLE = YES;
				IPHONEOS_DEPLOYMENT_TARGET = 8.4;
				MTL_ENABLE_DEBUG_INFO = YES;
				ONLY_ACTIVE_ARCH = YES;
				SDKROOT = iphoneos;
				SWIFT_OPTIMIZATION_LEVEL = "-Onone";
			};
			name = Debug;
		};
		7A103DB81B5D39F4000FEFA6 /* Release */ = {
			isa = XCBuildConfiguration;
			buildSettings = {
				ALWAYS_SEARCH_USER_PATHS = NO;
				CLANG_CXX_LANGUAGE_STANDARD = "gnu++0x";
				CLANG_CXX_LIBRARY = "libc++";
				CLANG_ENABLE_MODULES = YES;
				CLANG_ENABLE_OBJC_ARC = YES;
				CLANG_WARN_BOOL_CONVERSION = YES;
				CLANG_WARN_CONSTANT_CONVERSION = YES;
				CLANG_WARN_DIRECT_OBJC_ISA_USAGE = YES_ERROR;
				CLANG_WARN_EMPTY_BODY = YES;
				CLANG_WARN_ENUM_CONVERSION = YES;
				CLANG_WARN_INT_CONVERSION = YES;
				CLANG_WARN_OBJC_ROOT_CLASS = YES_ERROR;
				CLANG_WARN_UNREACHABLE_CODE = YES;
				CLANG_WARN__DUPLICATE_METHOD_MATCH = YES;
				"CODE_SIGN_IDENTITY[sdk=iphoneos*]" = "iPhone Developer";
				COPY_PHASE_STRIP = NO;
				DEBUG_INFORMATION_FORMAT = "dwarf-with-dsym";
				ENABLE_NS_ASSERTIONS = NO;
				ENABLE_STRICT_OBJC_MSGSEND = YES;
				GCC_C_LANGUAGE_STANDARD = gnu99;
				GCC_NO_COMMON_BLOCKS = YES;
				GCC_WARN_64_TO_32_BIT_CONVERSION = YES;
				GCC_WARN_ABOUT_RETURN_TYPE = YES_ERROR;
				GCC_WARN_UNDECLARED_SELECTOR = YES;
				GCC_WARN_UNINITIALIZED_AUTOS = YES_AGGRESSIVE;
				GCC_WARN_UNUSED_FUNCTION = YES;
				GCC_WARN_UNUSED_VARIABLE = YES;
				IPHONEOS_DEPLOYMENT_TARGET = 8.4;
				MTL_ENABLE_DEBUG_INFO = NO;
				SDKROOT = iphoneos;
				VALIDATE_PRODUCT = YES;
			};
			name = Release;
		};
		7A103DBA1B5D39F4000FEFA6 /* Debug */ = {
			isa = XCBuildConfiguration;
			buildSettings = {
				ASSETCATALOG_COMPILER_APPICON_NAME = AppIcon;
				INFOPLIST_FILE = AtomSpinnerView/Info.plist;
				LD_RUNPATH_SEARCH_PATHS = "$(inherited) @executable_path/Frameworks";
				PRODUCT_NAME = "$(TARGET_NAME)";
			};
			name = Debug;
		};
		7A103DBB1B5D39F4000FEFA6 /* Release */ = {
			isa = XCBuildConfiguration;
			buildSettings = {
				ASSETCATALOG_COMPILER_APPICON_NAME = AppIcon;
				INFOPLIST_FILE = AtomSpinnerView/Info.plist;
				LD_RUNPATH_SEARCH_PATHS = "$(inherited) @executable_path/Frameworks";
				PRODUCT_NAME = "$(TARGET_NAME)";
			};
			name = Release;
		};
		7A103DBD1B5D39F4000FEFA6 /* Debug */ = {
			isa = XCBuildConfiguration;
			buildSettings = {
				BUNDLE_LOADER = "$(TEST_HOST)";
				FRAMEWORK_SEARCH_PATHS = (
					"$(SDKROOT)/Developer/Library/Frameworks",
					"$(inherited)",
				);
				GCC_PREPROCESSOR_DEFINITIONS = (
					"DEBUG=1",
					"$(inherited)",
				);
				INFOPLIST_FILE = AtomSpinnerViewTests/Info.plist;
				LD_RUNPATH_SEARCH_PATHS = "$(inherited) @executable_path/Frameworks @loader_path/Frameworks";
				PRODUCT_NAME = "$(TARGET_NAME)";
				TEST_HOST = "$(BUILT_PRODUCTS_DIR)/AtomSpinnerView.app/AtomSpinnerView";
			};
			name = Debug;
		};
		7A103DBE1B5D39F4000FEFA6 /* Release */ = {
			isa = XCBuildConfiguration;
			buildSettings = {
				BUNDLE_LOADER = "$(TEST_HOST)";
				FRAMEWORK_SEARCH_PATHS = (
					"$(SDKROOT)/Developer/Library/Frameworks",
					"$(inherited)",
				);
				INFOPLIST_FILE = AtomSpinnerViewTests/Info.plist;
				LD_RUNPATH_SEARCH_PATHS = "$(inherited) @executable_path/Frameworks @loader_path/Frameworks";
				PRODUCT_NAME = "$(TARGET_NAME)";
				TEST_HOST = "$(BUILT_PRODUCTS_DIR)/AtomSpinnerView.app/AtomSpinnerView";
			};
			name = Release;
		};
/* End XCBuildConfiguration section */

/* Begin XCConfigurationList section */
		7A103D951B5D39F4000FEFA6 /* Build configuration list for PBXProject "AtomSpinnerView" */ = {
			isa = XCConfigurationList;
			buildConfigurations = (
				7A103DB71B5D39F4000FEFA6 /* Debug */,
				7A103DB81B5D39F4000FEFA6 /* Release */,
			);
			defaultConfigurationIsVisible = 0;
			defaultConfigurationName = Release;
		};
		7A103DB91B5D39F4000FEFA6 /* Build configuration list for PBXNativeTarget "AtomSpinnerView" */ = {
			isa = XCConfigurationList;
			buildConfigurations = (
				7A103DBA1B5D39F4000FEFA6 /* Debug */,
				7A103DBB1B5D39F4000FEFA6 /* Release */,
			);
			defaultConfigurationIsVisible = 0;
		};
		7A103DBC1B5D39F4000FEFA6 /* Build configuration list for PBXNativeTarget "AtomSpinnerViewTests" */ = {
			isa = XCConfigurationList;
			buildConfigurations = (
				7A103DBD1B5D39F4000FEFA6 /* Debug */,
				7A103DBE1B5D39F4000FEFA6 /* Release */,
			);
			defaultConfigurationIsVisible = 0;
		};
/* End XCConfigurationList section */
	};
	rootObject = 7A103D921B5D39F4000FEFA6 /* Project object */;
}
